dependencies:
- name: opcsimulator
  repository: file://../opc-simulator
  version: 0.1.0
- name: ovms
  repository: file://../ovms
  version: 0.1.0
- name: influxdb
  repository: file://../influxdb
  version: 0.1.0
- name: mqtt
  repository: file://../mqtt
  version: 0.1.0
- name: rtsp-simulator
  repository: file://../rtsp-simulator
  version: 0.1.0
digest: sha256:3fd890ab239601ee88575062cb50e655e6812be8df2327c6a5557584fd328eb9
generated: "2024-04-24T09:46:36.608816-05:00"
